
Microsoft Visual Studio Solution File, Format Version 12.00
# Visual Studio 15
VisualStudioVersion = 15.0.27130.2027
MinimumVisualStudioVersion = 10.0.40219.1
Project("{9A19103F-16F7-4668-BE54-9A1E7A4F7556}") = "NScrape", "NScrape\NScrape.csproj", "{1DC30563-902D-4AE0-A385-73392CBF3C08}"
EndProject
Project("{FAE04EC0-301F-11D3-BF4B-00C04F79EFBC}") = "NScrape.Test.Framework", "NScrape.Test.Framework\NScrape.Test.Framework.csproj", "{11C0AFF2-EA0D-49E1-A2E7-55EB93C6FCE5}"
EndProject
Project("{FAE04EC0-301F-11D3-BF4B-00C04F79EFBC}") = "NScrape.Test.Core", "NScrape.Test.Core\NScrape.Test.Core.csproj", "{782AA666-A4D6-4DE7-82BC-541288F5C58F}"
EndProject
Global
	GlobalSection(SolutionConfigurationPlatforms) = preSolution
		Debug|Any CPU = Debug|Any CPU
		Release|Any CPU = Release|Any CPU
	EndGlobalSection
	GlobalSection(ProjectConfigurationPlatforms) = postSolution
		{1DC30563-902D-4AE0-A385-73392CBF3C08}.Debug|Any CPU.ActiveCfg = Debug|Any CPU
		{1DC30563-902D-4AE0-A385-73392CBF3C08}.Debug|Any CPU.Build.0 = Debug|Any CPU
		{1DC30563-902D-4AE0-A385-73392CBF3C08}.Release|Any CPU.ActiveCfg = Release|Any CPU
		{1DC30563-902D-4AE0-A385-73392CBF3C08}.Release|Any CPU.Build.0 = Release|Any CPU
		{11C0AFF2-EA0D-49E1-A2E7-55EB93C6FCE5}.Debug|Any CPU.ActiveCfg = Debug|Any CPU
		{11C0AFF2-EA0D-49E1-A2E7-55EB93C6FCE5}.Debug|Any CPU.Build.0 = Debug|Any CPU
		{11C0AFF2-EA0D-49E1-A2E7-55EB93C6FCE5}.Release|Any CPU.ActiveCfg = Release|Any CPU
		{11C0AFF2-EA0D-49E1-A2E7-55EB93C6FCE5}.Release|Any CPU.Build.0 = Release|Any CPU
		{782AA666-A4D6-4DE7-82BC-541288F5C58F}.Debug|Any CPU.ActiveCfg = Debug|Any CPU
		{782AA666-A4D6-4DE7-82BC-541288F5C58F}.Debug|Any CPU.Build.0 = Debug|Any CPU
		{782AA666-A4D6-4DE7-82BC-541288F5C58F}.Release|Any CPU.ActiveCfg = Release|Any CPU
		{782AA666-A4D6-4DE7-82BC-541288F5C58F}.Release|Any CPU.Build.0 = Release|Any CPU
	EndGlobalSection
	GlobalSection(SolutionProperties) = preSolution
		HideSolutionNode = FALSE
	EndGlobalSection
	GlobalSection(ExtensibilityGlobals) = postSolution
		SolutionGuid = {11AA5699-682E-47A9-83C1-7C7F25ECFD5A}
	EndGlobalSection
EndGlobal
