
Microsoft Visual Studio Solution File, Format Version 12.00
# Visual Studio 14
VisualStudioVersion = 14.0.25123.0
MinimumVisualStudioVersion = 10.0.40219.1
Project("{2150E333-8FDC-42A3-9474-1A3956D46DE8}") = ".nuget", ".nuget", "{E4A7D3F9-5C02-4884-A544-B7B48B3BBC08}"
	ProjectSection(SolutionItems) = preProject
		.nuget\NuGet.Config = .nuget\NuGet.Config
		.nuget\NuGet.exe = .nuget\NuGet.exe
		.nuget\NuGet.targets = .nuget\NuGet.targets
	EndProjectSection
EndProject
Project("{8BB2217D-0F2D-49D1-97BC-3654ED321F3B}") = "NScrape", "NScrape\NScrape.xproj", "{A1487505-C7D7-43E8-B67A-AF9907CD4350}"
EndProject
Global
	GlobalSection(SolutionConfigurationPlatforms) = preSolution
		Debug|Any CPU = Debug|Any CPU
		Release|Any CPU = Release|Any CPU
	EndGlobalSection
	GlobalSection(ProjectConfigurationPlatforms) = postSolution
		{A1487505-C7D7-43E8-B67A-AF9907CD4350}.Debug|Any CPU.ActiveCfg = Debug|Any CPU
		{A1487505-C7D7-43E8-B67A-AF9907CD4350}.Debug|Any CPU.Build.0 = Debug|Any CPU
		{A1487505-C7D7-43E8-B67A-AF9907CD4350}.Release|Any CPU.ActiveCfg = Release|Any CPU
		{A1487505-C7D7-43E8-B67A-AF9907CD4350}.Release|Any CPU.Build.0 = Release|Any CPU
	EndGlobalSection
	GlobalSection(SolutionProperties) = preSolution
		HideSolutionNode = FALSE
	EndGlobalSection
EndGlobal
